
Microsoft Visual Studio Solution File, Format Version 12.00
# Visual Studio 15
VisualStudioVersion = 15.0.26430.16
MinimumVisualStudioVersion = 10.0.40219.1
Project("{FAE04EC0-301F-11D3-BF4B-00C04F79EFBC}") = "DoubleDecimalTest", "DoubleDecimalTest\DoubleDecimalTest.csproj", "{689DC40D-5A92-48CC-8628-086B6544DDB8}"
EndProject
Global
	GlobalSection(SolutionConfigurationPlatforms) = preSolution
		Debug|Any CPU = Debug|Any CPU
		Release|Any CPU = Release|Any CPU
	EndGlobalSection
	GlobalSection(ProjectConfigurationPlatforms) = postSolution
		{689DC40D-5A92-48CC-8628-086B6544DDB8}.Debug|Any CPU.ActiveCfg = Debug|Any CPU
		{689DC40D-5A92-48CC-8628-086B6544DDB8}.Debug|Any CPU.Build.0 = Debug|Any CPU
		{689DC40D-5A92-48CC-8628-086B6544DDB8}.Release|Any CPU.ActiveCfg = Release|Any CPU
		{689DC40D-5A92-48CC-8628-086B6544DDB8}.Release|Any CPU.Build.0 = Release|Any CPU
	EndGlobalSection
	GlobalSection(SolutionProperties) = preSolution
		HideSolutionNode = FALSE
	EndGlobalSection
EndGlobal
